
Microsoft Visual Studio Solution File, Format Version 12.00
# Visual Studio Version 16
VisualStudioVersion = 16.0.31729.503
MinimumVisualStudioVersion = 10.0.40219.1
Project("{FAE04EC0-301F-11D3-BF4B-00C04F79EFBC}") = "ConsoleApp1", "ConsoleApp1\ConsoleApp1.csproj", "{DE5706BE-ABBE-4F48-A7D9-D55D8C331031}"
EndProject
Global
	GlobalSection(SolutionConfigurationPlatforms) = preSolution
		Debug|Any CPU = Debug|Any CPU
		Release|Any CPU = Release|Any CPU
	EndGlobalSection
	GlobalSection(ProjectConfigurationPlatforms) = postSolution
		{DE5706BE-ABBE-4F48-A7D9-D55D8C331031}.Debug|Any CPU.ActiveCfg = Debug|Any CPU
		{DE5706BE-ABBE-4F48-A7D9-D55D8C331031}.Debug|Any CPU.Build.0 = Debug|Any CPU
		{DE5706BE-ABBE-4F48-A7D9-D55D8C331031}.Release|Any CPU.ActiveCfg = Release|Any CPU
		{DE5706BE-ABBE-4F48-A7D9-D55D8C331031}.Release|Any CPU.Build.0 = Release|Any CPU
	EndGlobalSection
	GlobalSection(SolutionProperties) = preSolution
		HideSolutionNode = FALSE
	EndGlobalSection
	GlobalSection(ExtensibilityGlobals) = postSolution
		SolutionGuid = {CD45114F-F7FA-4774-9E26-8B0BF9774014}
	EndGlobalSection
EndGlobal
